
Microsoft Visual Studio Solution File, Format Version 12.00
# Visual Studio Version 16
VisualStudioVersion = 16.0.31410.357
MinimumVisualStudioVersion = 10.0.40219.1
Project("{D954291E-2A0B-460D-934E-DC6B0785DB48}") = "POS.Shared", "POS\POS.Shared\POS.Shared.shproj", "{6279C845-92F8-4333-AB99-3D213163593C}"
EndProject
Project("{2150E333-8FDC-42A3-9474-1A3956D46DE8}") = "Platforms", "Platforms", "{684116BE-4725-471E-9E23-82C76C29FFF8}"
EndProject
Project("{FAE04EC0-301F-11D3-BF4B-00C04F79EFBC}") = "POS.Droid", "POS\POS.Droid\POS.Droid.csproj", "{68E5796C-C4BA-4DE5-B81D-6CCF9557C986}"
EndProject
Project("{FAE04EC0-301F-11D3-BF4B-00C04F79EFBC}") = "POS.iOS", "POS\POS.iOS\POS.iOS.csproj", "{28078749-A494-4AA9-9A99-2FFF12385635}"
EndProject
Project("{FAE04EC0-301F-11D3-BF4B-00C04F79EFBC}") = "POS.UWP", "POS\POS.UWP\POS.UWP.csproj", "{301A774C-2E5F-4289-A5B3-870B1ACA1D4B}"
EndProject
Project("{9A19103F-16F7-4668-BE54-9A1E7A4F7556}") = "POS.Wasm", "POS\POS.Wasm\POS.Wasm.csproj", "{773B406E-66BB-43A2-AF74-FF1F91A5737B}"
EndProject
Project("{FAE04EC0-301F-11D3-BF4B-00C04F79EFBC}") = "POS.macOS", "POS\POS.macOS\POS.macOS.csproj", "{0392901B-E2F9-4CB5-BEA4-C22E0952C455}"
EndProject
Project("{9A19103F-16F7-4668-BE54-9A1E7A4F7556}") = "POS.Skia.Wpf.Host", "POS\POS.Skia.Wpf.Host\POS.Skia.Wpf.Host.csproj", "{F1422F3D-C69E-45EF-BBE8-C0C412E2C9CA}"
EndProject
Project("{9A19103F-16F7-4668-BE54-9A1E7A4F7556}") = "POS.Skia.Wpf", "POS\POS.Skia.Wpf\POS.Skia.Wpf.csproj", "{69794EC4-278F-48A7-A2D0-CB251BA614C4}"
EndProject
Project("{9A19103F-16F7-4668-BE54-9A1E7A4F7556}") = "POS.Skia.Gtk", "POS\POS.Skia.Gtk\POS.Skia.Gtk.csproj", "{234FBA54-B530-4D82-812E-F6792B086155}"
EndProject
Project("{9A19103F-16F7-4668-BE54-9A1E7A4F7556}") = "POS.Skia.Tizen", "POS\POS.Skia.Tizen\POS.Skia.Tizen.csproj", "{6FA16296-F645-4AA1-8BF1-C56B44B74CAF}"
EndProject
Project("{9A19103F-16F7-4668-BE54-9A1E7A4F7556}") = "POS.Api", "POS.Api\POS.Api.csproj", "{E413B6CA-7055-493A-BE04-85229E27E093}"
EndProject
Global
	GlobalSection(SharedMSBuildProjectFiles) = preSolution
		POS\POS.Shared\POS.Shared.projitems*{0392901b-e2f9-4cb5-bea4-c22e0952c455}*SharedItemsImports = 4
		POS\POS.Shared\POS.Shared.projitems*{234fba54-b530-4d82-812e-f6792b086155}*SharedItemsImports = 5
		POS\POS.Shared\POS.Shared.projitems*{28078749-a494-4aa9-9a99-2fff12385635}*SharedItemsImports = 4
		POS\POS.Shared\POS.Shared.projitems*{301a774c-2e5f-4289-a5b3-870b1aca1d4b}*SharedItemsImports = 4
		POS\POS.Shared\POS.Shared.projitems*{6279c845-92f8-4333-ab99-3d213163593c}*SharedItemsImports = 13
		POS\POS.Shared\POS.Shared.projitems*{68e5796c-c4ba-4de5-b81d-6ccf9557c986}*SharedItemsImports = 4
		POS\POS.Shared\POS.Shared.projitems*{69794ec4-278f-48a7-a2d0-cb251ba614c4}*SharedItemsImports = 5
		POS\POS.Shared\POS.Shared.projitems*{6fa16296-f645-4aa1-8bf1-c56b44b74caf}*SharedItemsImports = 5
		POS\POS.Shared\POS.Shared.projitems*{773b406e-66bb-43a2-af74-ff1f91a5737b}*SharedItemsImports = 5
	EndGlobalSection
	GlobalSection(SolutionConfigurationPlatforms) = preSolution
		Ad-Hoc|Any CPU = Ad-Hoc|Any CPU
		Ad-Hoc|ARM = Ad-Hoc|ARM
		Ad-Hoc|ARM64 = Ad-Hoc|ARM64
		Ad-Hoc|iPhone = Ad-Hoc|iPhone
		Ad-Hoc|iPhoneSimulator = Ad-Hoc|iPhoneSimulator
		Ad-Hoc|x64 = Ad-Hoc|x64
		Ad-Hoc|x86 = Ad-Hoc|x86
		AppStore|Any CPU = AppStore|Any CPU
		AppStore|ARM = AppStore|ARM
		AppStore|ARM64 = AppStore|ARM64
		AppStore|iPhone = AppStore|iPhone
		AppStore|iPhoneSimulator = AppStore|iPhoneSimulator
		AppStore|x64 = AppStore|x64
		AppStore|x86 = AppStore|x86
		Debug|Any CPU = Debug|Any CPU
		Debug|ARM = Debug|ARM
		Debug|ARM64 = Debug|ARM64
		Debug|iPhone = Debug|iPhone
		Debug|iPhoneSimulator = Debug|iPhoneSimulator
		Debug|x64 = Debug|x64
		Debug|x86 = Debug|x86
		Release|Any CPU = Release|Any CPU
		Release|ARM = Release|ARM
		Release|ARM64 = Release|ARM64
		Release|iPhone = Release|iPhone
		Release|iPhoneSimulator = Release|iPhoneSimulator
		Release|x64 = Release|x64
		Release|x86 = Release|x86
	EndGlobalSection
	GlobalSection(ProjectConfigurationPlatforms) = postSolution
		{68E5796C-C4BA-4DE5-B81D-6CCF9557C986}.Ad-Hoc|Any CPU.ActiveCfg = Debug|Any CPU
		{68E5796C-C4BA-4DE5-B81D-6CCF9557C986}.Ad-Hoc|Any CPU.Build.0 = Debug|Any CPU
		{68E5796C-C4BA-4DE5-B81D-6CCF9557C986}.Ad-Hoc|Any CPU.Deploy.0 = Debug|Any CPU
		{68E5796C-C4BA-4DE5-B81D-6CCF9557C986}.Ad-Hoc|ARM.ActiveCfg = Debug|Any CPU
		{68E5796C-C4BA-4DE5-B81D-6CCF9557C986}.Ad-Hoc|ARM.Build.0 = Debug|Any CPU
		{68E5796C-C4BA-4DE5-B81D-6CCF9557C986}.Ad-Hoc|ARM.Deploy.0 = Debug|Any CPU
		{68E5796C-C4BA-4DE5-B81D-6CCF9557C986}.Ad-Hoc|ARM64.ActiveCfg = Debug|Any CPU
		{68E5796C-C4BA-4DE5-B81D-6CCF9557C986}.Ad-Hoc|ARM64.Build.0 = Debug|Any CPU
		{68E5796C-C4BA-4DE5-B81D-6CCF9557C986}.Ad-Hoc|ARM64.Deploy.0 = Debug|Any CPU
		{68E5796C-C4BA-4DE5-B81D-6CCF9557C986}.Ad-Hoc|iPhone.ActiveCfg = Debug|Any CPU
		{68E5796C-C4BA-4DE5-B81D-6CCF9557C986}.Ad-Hoc|iPhone.Build.0 = Debug|Any CPU
		{68E5796C-C4BA-4DE5-B81D-6CCF9557C986}.Ad-Hoc|iPhone.Deploy.0 = Debug|Any CPU
		{68E5796C-C4BA-4DE5-B81D-6CCF9557C986}.Ad-Hoc|iPhoneSimulator.ActiveCfg = Debug|Any CPU
		{68E5796C-C4BA-4DE5-B81D-6CCF9557C986}.Ad-Hoc|iPhoneSimulator.Build.0 = Debug|Any CPU
		{68E5796C-C4BA-4DE5-B81D-6CCF9557C986}.Ad-Hoc|iPhoneSimulator.Deploy.0 = Debug|Any CPU
		{68E5796C-C4BA-4DE5-B81D-6CCF9557C986}.Ad-Hoc|x64.ActiveCfg = Debug|Any CPU
		{68E5796C-C4BA-4DE5-B81D-6CCF9557C986}.Ad-Hoc|x64.Build.0 = Debug|Any CPU
		{68E5796C-C4BA-4DE5-B81D-6CCF9557C986}.Ad-Hoc|x64.Deploy.0 = Debug|Any CPU
		{68E5796C-C4BA-4DE5-B81D-6CCF9557C986}.Ad-Hoc|x86.ActiveCfg = Debug|Any CPU
		{68E5796C-C4BA-4DE5-B81D-6CCF9557C986}.Ad-Hoc|x86.Build.0 = Debug|Any CPU
		{68E5796C-C4BA-4DE5-B81D-6CCF9557C986}.Ad-Hoc|x86.Deploy.0 = Debug|Any CPU
		{68E5796C-C4BA-4DE5-B81D-6CCF9557C986}.AppStore|Any CPU.ActiveCfg = Debug|Any CPU
		{68E5796C-C4BA-4DE5-B81D-6CCF9557C986}.AppStore|Any CPU.Build.0 = Debug|Any CPU
		{68E5796C-C4BA-4DE5-B81D-6CCF9557C986}.AppStore|Any CPU.Deploy.0 = Debug|Any CPU
		{68E5796C-C4BA-4DE5-B81D-6CCF9557C986}.AppStore|ARM.ActiveCfg = Debug|Any CPU
		{68E5796C-C4BA-4DE5-B81D-6CCF9557C986}.AppStore|ARM.Build.0 = Debug|Any CPU
		{68E5796C-C4BA-4DE5-B81D-6CCF9557C986}.AppStore|ARM.Deploy.0 = Debug|Any CPU
		{68E5796C-C4BA-4DE5-B81D-6CCF9557C986}.AppStore|ARM64.ActiveCfg = Debug|Any CPU
		{68E5796C-C4BA-4DE5-B81D-6CCF9557C986}.AppStore|ARM64.Build.0 = Debug|Any CPU
		{68E5796C-C4BA-4DE5-B81D-6CCF9557C986}.AppStore|ARM64.Deploy.0 = Debug|Any CPU
		{68E5796C-C4BA-4DE5-B81D-6CCF9557C986}.AppStore|iPhone.ActiveCfg = Debug|Any CPU
		{68E5796C-C4BA-4DE5-B81D-6CCF9557C986}.AppStore|iPhone.Build.0 = Debug|Any CPU
		{68E5796C-C4BA-4DE5-B81D-6CCF9557C986}.AppStore|iPhone.Deploy.0 = Debug|Any CPU
		{68E5796C-C4BA-4DE5-B81D-6CCF9557C986}.AppStore|iPhoneSimulator.ActiveCfg = Debug|Any CPU
		{68E5796C-C4BA-4DE5-B81D-6CCF9557C986}.AppStore|iPhoneSimulator.Build.0 = Debug|Any CPU
		{68E5796C-C4BA-4DE5-B81D-6CCF9557C986}.AppStore|iPhoneSimulator.Deploy.0 = Debug|Any CPU
		{68E5796C-C4BA-4DE5-B81D-6CCF9557C986}.AppStore|x64.ActiveCfg = Debug|Any CPU
		{68E5796C-C4BA-4DE5-B81D-6CCF9557C986}.AppStore|x64.Build.0 = Debug|Any CPU
		{68E5796C-C4BA-4DE5-B81D-6CCF9557C986}.AppStore|x64.Deploy.0 = Debug|Any CPU
		{68E5796C-C4BA-4DE5-B81D-6CCF9557C986}.AppStore|x86.ActiveCfg = Debug|Any CPU
		{68E5796C-C4BA-4DE5-B81D-6CCF9557C986}.AppStore|x86.Build.0 = Debug|Any CPU
		{68E5796C-C4BA-4DE5-B81D-6CCF9557C986}.AppStore|x86.Deploy.0 = Debug|Any CPU
		{68E5796C-C4BA-4DE5-B81D-6CCF9557C986}.Debug|Any CPU.ActiveCfg = Debug|Any CPU
		{68E5796C-C4BA-4DE5-B81D-6CCF9557C986}.Debug|Any CPU.Build.0 = Debug|Any CPU
		{68E5796C-C4BA-4DE5-B81D-6CCF9557C986}.Debug|Any CPU.Deploy.0 = Debug|Any CPU
		{68E5796C-C4BA-4DE5-B81D-6CCF9557C986}.Debug|ARM.ActiveCfg = Debug|Any CPU
		{68E5796C-C4BA-4DE5-B81D-6CCF9557C986}.Debug|ARM.Build.0 = Debug|Any CPU
		{68E5796C-C4BA-4DE5-B81D-6CCF9557C986}.Debug|ARM.Deploy.0 = Debug|Any CPU
		{68E5796C-C4BA-4DE5-B81D-6CCF9557C986}.Debug|ARM64.ActiveCfg = Debug|Any CPU
		{68E5796C-C4BA-4DE5-B81D-6CCF9557C986}.Debug|ARM64.Build.0 = Debug|Any CPU
		{68E5796C-C4BA-4DE5-B81D-6CCF9557C986}.Debug|ARM64.Deploy.0 = Debug|Any CPU
		{68E5796C-C4BA-4DE5-B81D-6CCF9557C986}.Debug|iPhone.ActiveCfg = Debug|Any CPU
		{68E5796C-C4BA-4DE5-B81D-6CCF9557C986}.Debug|iPhone.Build.0 = Debug|Any CPU
		{68E5796C-C4BA-4DE5-B81D-6CCF9557C986}.Debug|iPhone.Deploy.0 = Debug|Any CPU
		{68E5796C-C4BA-4DE5-B81D-6CCF9557C986}.Debug|iPhoneSimulator.ActiveCfg = Debug|Any CPU
		{68E5796C-C4BA-4DE5-B81D-6CCF9557C986}.Debug|iPhoneSimulator.Build.0 = Debug|Any CPU
		{68E5796C-C4BA-4DE5-B81D-6CCF9557C986}.Debug|iPhoneSimulator.Deploy.0 = Debug|Any CPU
		{68E5796C-C4BA-4DE5-B81D-6CCF9557C986}.Debug|x64.ActiveCfg = Debug|Any CPU
		{68E5796C-C4BA-4DE5-B81D-6CCF9557C986}.Debug|x64.Build.0 = Debug|Any CPU
		{68E5796C-C4BA-4DE5-B81D-6CCF9557C986}.Debug|x64.Deploy.0 = Debug|Any CPU
		{68E5796C-C4BA-4DE5-B81D-6CCF9557C986}.Debug|x86.ActiveCfg = Debug|Any CPU
		{68E5796C-C4BA-4DE5-B81D-6CCF9557C986}.Release|Any CPU.ActiveCfg = Release|Any CPU
		{68E5796C-C4BA-4DE5-B81D-6CCF9557C986}.Release|Any CPU.Build.0 = Release|Any CPU
		{68E5796C-C4BA-4DE5-B81D-6CCF9557C986}.Release|Any CPU.Deploy.0 = Release|Any CPU
		{68E5796C-C4BA-4DE5-B81D-6CCF9557C986}.Release|ARM.ActiveCfg = Release|Any CPU
		{68E5796C-C4BA-4DE5-B81D-6CCF9557C986}.Release|ARM.Build.0 = Release|Any CPU
		{68E5796C-C4BA-4DE5-B81D-6CCF9557C986}.Release|ARM.Deploy.0 = Release|Any CPU
		{68E5796C-C4BA-4DE5-B81D-6CCF9557C986}.Release|ARM64.ActiveCfg = Release|Any CPU
		{68E5796C-C4BA-4DE5-B81D-6CCF9557C986}.Release|ARM64.Build.0 = Release|Any CPU
		{68E5796C-C4BA-4DE5-B81D-6CCF9557C986}.Release|ARM64.Deploy.0 = Release|Any CPU
		{68E5796C-C4BA-4DE5-B81D-6CCF9557C986}.Release|iPhone.ActiveCfg = Release|Any CPU
		{68E5796C-C4BA-4DE5-B81D-6CCF9557C986}.Release|iPhone.Build.0 = Release|Any CPU
		{68E5796C-C4BA-4DE5-B81D-6CCF9557C986}.Release|iPhone.Deploy.0 = Release|Any CPU
		{68E5796C-C4BA-4DE5-B81D-6CCF9557C986}.Release|iPhoneSimulator.ActiveCfg = Release|Any CPU
		{68E5796C-C4BA-4DE5-B81D-6CCF9557C986}.Release|iPhoneSimulator.Build.0 = Release|Any CPU
		{68E5796C-C4BA-4DE5-B81D-6CCF9557C986}.Release|iPhoneSimulator.Deploy.0 = Release|Any CPU
		{68E5796C-C4BA-4DE5-B81D-6CCF9557C986}.Release|x64.ActiveCfg = Release|Any CPU
		{68E5796C-C4BA-4DE5-B81D-6CCF9557C986}.Release|x64.Build.0 = Release|Any CPU
		{68E5796C-C4BA-4DE5-B81D-6CCF9557C986}.Release|x64.Deploy.0 = Release|Any CPU
		{68E5796C-C4BA-4DE5-B81D-6CCF9557C986}.Release|x86.ActiveCfg = Release|Any CPU
		{68E5796C-C4BA-4DE5-B81D-6CCF9557C986}.Release|x86.Build.0 = Release|Any CPU
		{68E5796C-C4BA-4DE5-B81D-6CCF9557C986}.Release|x86.Deploy.0 = Release|Any CPU
		{28078749-A494-4AA9-9A99-2FFF12385635}.Ad-Hoc|Any CPU.ActiveCfg = Ad-Hoc|iPhoneSimulator
		{28078749-A494-4AA9-9A99-2FFF12385635}.Ad-Hoc|ARM.ActiveCfg = Ad-Hoc|iPhoneSimulator
		{28078749-A494-4AA9-9A99-2FFF12385635}.Ad-Hoc|ARM64.ActiveCfg = Ad-Hoc|iPhoneSimulator
		{28078749-A494-4AA9-9A99-2FFF12385635}.Ad-Hoc|iPhone.ActiveCfg = Ad-Hoc|iPhone
		{28078749-A494-4AA9-9A99-2FFF12385635}.Ad-Hoc|iPhone.Build.0 = Ad-Hoc|iPhone
		{28078749-A494-4AA9-9A99-2FFF12385635}.Ad-Hoc|iPhoneSimulator.ActiveCfg = Ad-Hoc|iPhoneSimulator
		{28078749-A494-4AA9-9A99-2FFF12385635}.Ad-Hoc|iPhoneSimulator.Build.0 = Ad-Hoc|iPhoneSimulator
		{28078749-A494-4AA9-9A99-2FFF12385635}.Ad-Hoc|x64.ActiveCfg = Ad-Hoc|iPhoneSimulator
		{28078749-A494-4AA9-9A99-2FFF12385635}.Ad-Hoc|x86.ActiveCfg = Ad-Hoc|iPhoneSimulator
		{28078749-A494-4AA9-9A99-2FFF12385635}.AppStore|Any CPU.ActiveCfg = AppStore|iPhoneSimulator
		{28078749-A494-4AA9-9A99-2FFF12385635}.AppStore|ARM.ActiveCfg = AppStore|iPhoneSimulator
		{28078749-A494-4AA9-9A99-2FFF12385635}.AppStore|ARM64.ActiveCfg = AppStore|iPhoneSimulator
		{28078749-A494-4AA9-9A99-2FFF12385635}.AppStore|iPhone.ActiveCfg = AppStore|iPhone
		{28078749-A494-4AA9-9A99-2FFF12385635}.AppStore|iPhone.Build.0 = AppStore|iPhone
		{28078749-A494-4AA9-9A99-2FFF12385635}.AppStore|iPhoneSimulator.ActiveCfg = AppStore|iPhoneSimulator
		{28078749-A494-4AA9-9A99-2FFF12385635}.AppStore|iPhoneSimulator.Build.0 = AppStore|iPhoneSimulator
		{28078749-A494-4AA9-9A99-2FFF12385635}.AppStore|x64.ActiveCfg = AppStore|iPhoneSimulator
		{28078749-A494-4AA9-9A99-2FFF12385635}.AppStore|x86.ActiveCfg = AppStore|iPhoneSimulator
		{28078749-A494-4AA9-9A99-2FFF12385635}.Debug|Any CPU.ActiveCfg = Debug|iPhoneSimulator
		{28078749-A494-4AA9-9A99-2FFF12385635}.Debug|ARM.ActiveCfg = Debug|iPhoneSimulator
		{28078749-A494-4AA9-9A99-2FFF12385635}.Debug|ARM64.ActiveCfg = Debug|iPhoneSimulator
		{28078749-A494-4AA9-9A99-2FFF12385635}.Debug|iPhone.ActiveCfg = Debug|iPhone
		{28078749-A494-4AA9-9A99-2FFF12385635}.Debug|iPhone.Build.0 = Debug|iPhone
		{28078749-A494-4AA9-9A99-2FFF12385635}.Debug|iPhoneSimulator.ActiveCfg = Debug|iPhoneSimulator
		{28078749-A494-4AA9-9A99-2FFF12385635}.Debug|iPhoneSimulator.Build.0 = Debug|iPhoneSimulator
		{28078749-A494-4AA9-9A99-2FFF12385635}.Debug|x64.ActiveCfg = Debug|iPhoneSimulator
		{28078749-A494-4AA9-9A99-2FFF12385635}.Debug|x86.ActiveCfg = Debug|iPhoneSimulator
		{28078749-A494-4AA9-9A99-2FFF12385635}.Release|Any CPU.ActiveCfg = Release|iPhoneSimulator
		{28078749-A494-4AA9-9A99-2FFF12385635}.Release|ARM.ActiveCfg = Release|iPhoneSimulator
		{28078749-A494-4AA9-9A99-2FFF12385635}.Release|ARM64.ActiveCfg = Release|iPhoneSimulator
		{28078749-A494-4AA9-9A99-2FFF12385635}.Release|iPhone.ActiveCfg = Release|iPhone
		{28078749-A494-4AA9-9A99-2FFF12385635}.Release|iPhone.Build.0 = Release|iPhone
		{28078749-A494-4AA9-9A99-2FFF12385635}.Release|iPhoneSimulator.ActiveCfg = Release|iPhoneSimulator
		{28078749-A494-4AA9-9A99-2FFF12385635}.Release|iPhoneSimulator.Build.0 = Release|iPhoneSimulator
		{28078749-A494-4AA9-9A99-2FFF12385635}.Release|x64.ActiveCfg = Release|iPhoneSimulator
		{28078749-A494-4AA9-9A99-2FFF12385635}.Release|x86.ActiveCfg = Release|iPhoneSimulator
		{301A774C-2E5F-4289-A5B3-870B1ACA1D4B}.Ad-Hoc|Any CPU.ActiveCfg = Debug|x86
		{301A774C-2E5F-4289-A5B3-870B1ACA1D4B}.Ad-Hoc|Any CPU.Build.0 = Debug|x86
		{301A774C-2E5F-4289-A5B3-870B1ACA1D4B}.Ad-Hoc|Any CPU.Deploy.0 = Debug|x86
		{301A774C-2E5F-4289-A5B3-870B1ACA1D4B}.Ad-Hoc|ARM.ActiveCfg = Debug|ARM
		{301A774C-2E5F-4289-A5B3-870B1ACA1D4B}.Ad-Hoc|ARM.Build.0 = Debug|ARM
		{301A774C-2E5F-4289-A5B3-870B1ACA1D4B}.Ad-Hoc|ARM.Deploy.0 = Debug|ARM
		{301A774C-2E5F-4289-A5B3-870B1ACA1D4B}.Ad-Hoc|ARM64.ActiveCfg = Debug|ARM64
		{301A774C-2E5F-4289-A5B3-870B1ACA1D4B}.Ad-Hoc|ARM64.Build.0 = Debug|ARM64
		{301A774C-2E5F-4289-A5B3-870B1ACA1D4B}.Ad-Hoc|ARM64.Deploy.0 = Debug|ARM64
		{301A774C-2E5F-4289-A5B3-870B1ACA1D4B}.Ad-Hoc|iPhone.ActiveCfg = Debug|x86
		{301A774C-2E5F-4289-A5B3-870B1ACA1D4B}.Ad-Hoc|iPhone.Build.0 = Debug|x86
		{301A774C-2E5F-4289-A5B3-870B1ACA1D4B}.Ad-Hoc|iPhone.Deploy.0 = Debug|x86
		{301A774C-2E5F-4289-A5B3-870B1ACA1D4B}.Ad-Hoc|iPhoneSimulator.ActiveCfg = Debug|x86
		{301A774C-2E5F-4289-A5B3-870B1ACA1D4B}.Ad-Hoc|iPhoneSimulator.Build.0 = Debug|x86
		{301A774C-2E5F-4289-A5B3-870B1ACA1D4B}.Ad-Hoc|iPhoneSimulator.Deploy.0 = Debug|x86
		{301A774C-2E5F-4289-A5B3-870B1ACA1D4B}.Ad-Hoc|x64.ActiveCfg = Debug|x64
		{301A774C-2E5F-4289-A5B3-870B1ACA1D4B}.Ad-Hoc|x64.Build.0 = Debug|x64
		{301A774C-2E5F-4289-A5B3-870B1ACA1D4B}.Ad-Hoc|x64.Deploy.0 = Debug|x64
		{301A774C-2E5F-4289-A5B3-870B1ACA1D4B}.Ad-Hoc|x86.ActiveCfg = Debug|x86
		{301A774C-2E5F-4289-A5B3-870B1ACA1D4B}.Ad-Hoc|x86.Build.0 = Debug|x86
		{301A774C-2E5F-4289-A5B3-870B1ACA1D4B}.Ad-Hoc|x86.Deploy.0 = Debug|x86
		{301A774C-2E5F-4289-A5B3-870B1ACA1D4B}.AppStore|Any CPU.ActiveCfg = Debug|x86
		{301A774C-2E5F-4289-A5B3-870B1ACA1D4B}.AppStore|Any CPU.Build.0 = Debug|x86
		{301A774C-2E5F-4289-A5B3-870B1ACA1D4B}.AppStore|Any CPU.Deploy.0 = Debug|x86
		{301A774C-2E5F-4289-A5B3-870B1ACA1D4B}.AppStore|ARM.ActiveCfg = Debug|ARM
		{301A774C-2E5F-4289-A5B3-870B1ACA1D4B}.AppStore|ARM.Build.0 = Debug|ARM
		{301A774C-2E5F-4289-A5B3-870B1ACA1D4B}.AppStore|ARM.Deploy.0 = Debug|ARM
		{301A774C-2E5F-4289-A5B3-870B1ACA1D4B}.AppStore|ARM64.ActiveCfg = Debug|ARM64
		{301A774C-2E5F-4289-A5B3-870B1ACA1D4B}.AppStore|ARM64.Build.0 = Debug|ARM64
		{301A774C-2E5F-4289-A5B3-870B1ACA1D4B}.AppStore|ARM64.Deploy.0 = Debug|ARM64
		{301A774C-2E5F-4289-A5B3-870B1ACA1D4B}.AppStore|iPhone.ActiveCfg = Debug|x86
		{301A774C-2E5F-4289-A5B3-870B1ACA1D4B}.AppStore|iPhone.Build.0 = Debug|x86
		{301A774C-2E5F-4289-A5B3-870B1ACA1D4B}.AppStore|iPhone.Deploy.0 = Debug|x86
		{301A774C-2E5F-4289-A5B3-870B1ACA1D4B}.AppStore|iPhoneSimulator.ActiveCfg = Debug|x86
		{301A774C-2E5F-4289-A5B3-870B1ACA1D4B}.AppStore|iPhoneSimulator.Build.0 = Debug|x86
		{301A774C-2E5F-4289-A5B3-870B1ACA1D4B}.AppStore|iPhoneSimulator.Deploy.0 = Debug|x86
		{301A774C-2E5F-4289-A5B3-870B1ACA1D4B}.AppStore|x64.ActiveCfg = Debug|x64
		{301A774C-2E5F-4289-A5B3-870B1ACA1D4B}.AppStore|x64.Build.0 = Debug|x64
		{301A774C-2E5F-4289-A5B3-870B1ACA1D4B}.AppStore|x64.Deploy.0 = Debug|x64
		{301A774C-2E5F-4289-A5B3-870B1ACA1D4B}.AppStore|x86.ActiveCfg = Debug|x86
		{301A774C-2E5F-4289-A5B3-870B1ACA1D4B}.AppStore|x86.Build.0 = Debug|x86
		{301A774C-2E5F-4289-A5B3-870B1ACA1D4B}.AppStore|x86.Deploy.0 = Debug|x86
		{301A774C-2E5F-4289-A5B3-870B1ACA1D4B}.Debug|Any CPU.ActiveCfg = Debug|x86
		{301A774C-2E5F-4289-A5B3-870B1ACA1D4B}.Debug|Any CPU.Build.0 = Debug|x86
		{301A774C-2E5F-4289-A5B3-870B1ACA1D4B}.Debug|Any CPU.Deploy.0 = Debug|x86
		{301A774C-2E5F-4289-A5B3-870B1ACA1D4B}.Debug|ARM.ActiveCfg = Debug|ARM
		{301A774C-2E5F-4289-A5B3-870B1ACA1D4B}.Debug|ARM.Build.0 = Debug|ARM
		{301A774C-2E5F-4289-A5B3-870B1ACA1D4B}.Debug|ARM.Deploy.0 = Debug|ARM
		{301A774C-2E5F-4289-A5B3-870B1ACA1D4B}.Debug|ARM64.ActiveCfg = Debug|ARM64
		{301A774C-2E5F-4289-A5B3-870B1ACA1D4B}.Debug|ARM64.Build.0 = Debug|ARM64
		{301A774C-2E5F-4289-A5B3-870B1ACA1D4B}.Debug|ARM64.Deploy.0 = Debug|ARM64
		{301A774C-2E5F-4289-A5B3-870B1ACA1D4B}.Debug|iPhone.ActiveCfg = Debug|x86
		{301A774C-2E5F-4289-A5B3-870B1ACA1D4B}.Debug|iPhoneSimulator.ActiveCfg = Debug|x86
		{301A774C-2E5F-4289-A5B3-870B1ACA1D4B}.Debug|x64.ActiveCfg = Debug|x64
		{301A774C-2E5F-4289-A5B3-870B1ACA1D4B}.Debug|x64.Build.0 = Debug|x64
		{301A774C-2E5F-4289-A5B3-870B1ACA1D4B}.Debug|x64.Deploy.0 = Debug|x64
		{301A774C-2E5F-4289-A5B3-870B1ACA1D4B}.Debug|x86.ActiveCfg = Debug|x86
		{301A774C-2E5F-4289-A5B3-870B1ACA1D4B}.Release|Any CPU.ActiveCfg = Release|x86
		{301A774C-2E5F-4289-A5B3-870B1ACA1D4B}.Release|ARM.ActiveCfg = Release|ARM
		{301A774C-2E5F-4289-A5B3-870B1ACA1D4B}.Release|ARM.Build.0 = Release|ARM
		{301A774C-2E5F-4289-A5B3-870B1ACA1D4B}.Release|ARM.Deploy.0 = Release|ARM
		{301A774C-2E5F-4289-A5B3-870B1ACA1D4B}.Release|ARM64.ActiveCfg = Release|ARM64
		{301A774C-2E5F-4289-A5B3-870B1ACA1D4B}.Release|ARM64.Build.0 = Release|ARM64
		{301A774C-2E5F-4289-A5B3-870B1ACA1D4B}.Release|ARM64.Deploy.0 = Release|ARM64
		{301A774C-2E5F-4289-A5B3-870B1ACA1D4B}.Release|iPhone.ActiveCfg = Release|x86
		{301A774C-2E5F-4289-A5B3-870B1ACA1D4B}.Release|iPhoneSimulator.ActiveCfg = Release|x86
		{301A774C-2E5F-4289-A5B3-870B1ACA1D4B}.Release|x64.ActiveCfg = Release|x64
		{301A774C-2E5F-4289-A5B3-870B1ACA1D4B}.Release|x64.Build.0 = Release|x64
		{301A774C-2E5F-4289-A5B3-870B1ACA1D4B}.Release|x64.Deploy.0 = Release|x64
		{301A774C-2E5F-4289-A5B3-870B1ACA1D4B}.Release|x86.ActiveCfg = Release|x86
		{301A774C-2E5F-4289-A5B3-870B1ACA1D4B}.Release|x86.Build.0 = Release|x86
		{301A774C-2E5F-4289-A5B3-870B1ACA1D4B}.Release|x86.Deploy.0 = Release|x86
		{773B406E-66BB-43A2-AF74-FF1F91A5737B}.Ad-Hoc|Any CPU.ActiveCfg = Debug|Any CPU
		{773B406E-66BB-43A2-AF74-FF1F91A5737B}.Ad-Hoc|Any CPU.Build.0 = Debug|Any CPU
		{773B406E-66BB-43A2-AF74-FF1F91A5737B}.Ad-Hoc|ARM.ActiveCfg = Debug|Any CPU
		{773B406E-66BB-43A2-AF74-FF1F91A5737B}.Ad-Hoc|ARM.Build.0 = Debug|Any CPU
		{773B406E-66BB-43A2-AF74-FF1F91A5737B}.Ad-Hoc|ARM64.ActiveCfg = Debug|Any CPU
		{773B406E-66BB-43A2-AF74-FF1F91A5737B}.Ad-Hoc|ARM64.Build.0 = Debug|Any CPU
		{773B406E-66BB-43A2-AF74-FF1F91A5737B}.Ad-Hoc|iPhone.ActiveCfg = Debug|Any CPU
		{773B406E-66BB-43A2-AF74-FF1F91A5737B}.Ad-Hoc|iPhone.Build.0 = Debug|Any CPU
		{773B406E-66BB-43A2-AF74-FF1F91A5737B}.Ad-Hoc|iPhoneSimulator.ActiveCfg = Debug|Any CPU
		{773B406E-66BB-43A2-AF74-FF1F91A5737B}.Ad-Hoc|iPhoneSimulator.Build.0 = Debug|Any CPU
		{773B406E-66BB-43A2-AF74-FF1F91A5737B}.Ad-Hoc|x64.ActiveCfg = Debug|Any CPU
		{773B406E-66BB-43A2-AF74-FF1F91A5737B}.Ad-Hoc|x64.Build.0 = Debug|Any CPU
		{773B406E-66BB-43A2-AF74-FF1F91A5737B}.Ad-Hoc|x86.ActiveCfg = Debug|Any CPU
		{773B406E-66BB-43A2-AF74-FF1F91A5737B}.Ad-Hoc|x86.Build.0 = Debug|Any CPU
		{773B406E-66BB-43A2-AF74-FF1F91A5737B}.AppStore|Any CPU.ActiveCfg = Debug|Any CPU
		{773B406E-66BB-43A2-AF74-FF1F91A5737B}.AppStore|Any CPU.Build.0 = Debug|Any CPU
		{773B406E-66BB-43A2-AF74-FF1F91A5737B}.AppStore|ARM.ActiveCfg = Debug|Any CPU
		{773B406E-66BB-43A2-AF74-FF1F91A5737B}.AppStore|ARM.Build.0 = Debug|Any CPU
		{773B406E-66BB-43A2-AF74-FF1F91A5737B}.AppStore|ARM64.ActiveCfg = Debug|Any CPU
		{773B406E-66BB-43A2-AF74-FF1F91A5737B}.AppStore|ARM64.Build.0 = Debug|Any CPU
		{773B406E-66BB-43A2-AF74-FF1F91A5737B}.AppStore|iPhone.ActiveCfg = Debug|Any CPU
		{773B406E-66BB-43A2-AF74-FF1F91A5737B}.AppStore|iPhone.Build.0 = Debug|Any CPU
		{773B406E-66BB-43A2-AF74-FF1F91A5737B}.AppStore|iPhoneSimulator.ActiveCfg = Debug|Any CPU
		{773B406E-66BB-43A2-AF74-FF1F91A5737B}.AppStore|iPhoneSimulator.Build.0 = Debug|Any CPU
		{773B406E-66BB-43A2-AF74-FF1F91A5737B}.AppStore|x64.ActiveCfg = Debug|Any CPU
		{773B406E-66BB-43A2-AF74-FF1F91A5737B}.AppStore|x64.Build.0 = Debug|Any CPU
		{773B406E-66BB-43A2-AF74-FF1F91A5737B}.AppStore|x86.ActiveCfg = Debug|Any CPU
		{773B406E-66BB-43A2-AF74-FF1F91A5737B}.AppStore|x86.Build.0 = Debug|Any CPU
		{773B406E-66BB-43A2-AF74-FF1F91A5737B}.Debug|Any CPU.ActiveCfg = Debug|Any CPU
		{773B406E-66BB-43A2-AF74-FF1F91A5737B}.Debug|Any CPU.Build.0 = Debug|Any CPU
		{773B406E-66BB-43A2-AF74-FF1F91A5737B}.Debug|ARM.ActiveCfg = Debug|Any CPU
		{773B406E-66BB-43A2-AF74-FF1F91A5737B}.Debug|ARM.Build.0 = Debug|Any CPU
		{773B406E-66BB-43A2-AF74-FF1F91A5737B}.Debug|ARM64.ActiveCfg = Debug|Any CPU
		{773B406E-66BB-43A2-AF74-FF1F91A5737B}.Debug|ARM64.Build.0 = Debug|Any CPU
		{773B406E-66BB-43A2-AF74-FF1F91A5737B}.Debug|iPhone.ActiveCfg = Debug|Any CPU
		{773B406E-66BB-43A2-AF74-FF1F91A5737B}.Debug|iPhone.Build.0 = Debug|Any CPU
		{773B406E-66BB-43A2-AF74-FF1F91A5737B}.Debug|iPhoneSimulator.ActiveCfg = Debug|Any CPU
		{773B406E-66BB-43A2-AF74-FF1F91A5737B}.Debug|iPhoneSimulator.Build.0 = Debug|Any CPU
		{773B406E-66BB-43A2-AF74-FF1F91A5737B}.Debug|x64.ActiveCfg = Debug|Any CPU
		{773B406E-66BB-43A2-AF74-FF1F91A5737B}.Debug|x64.Build.0 = Debug|Any CPU
		{773B406E-66BB-43A2-AF74-FF1F91A5737B}.Debug|x86.ActiveCfg = Debug|Any CPU
		{773B406E-66BB-43A2-AF74-FF1F91A5737B}.Release|Any CPU.ActiveCfg = Release|Any CPU
		{773B406E-66BB-43A2-AF74-FF1F91A5737B}.Release|Any CPU.Build.0 = Release|Any CPU
		{773B406E-66BB-43A2-AF74-FF1F91A5737B}.Release|ARM.ActiveCfg = Release|Any CPU
		{773B406E-66BB-43A2-AF74-FF1F91A5737B}.Release|ARM.Build.0 = Release|Any CPU
		{773B406E-66BB-43A2-AF74-FF1F91A5737B}.Release|ARM64.ActiveCfg = Release|Any CPU
		{773B406E-66BB-43A2-AF74-FF1F91A5737B}.Release|ARM64.Build.0 = Release|Any CPU
		{773B406E-66BB-43A2-AF74-FF1F91A5737B}.Release|iPhone.ActiveCfg = Release|Any CPU
		{773B406E-66BB-43A2-AF74-FF1F91A5737B}.Release|iPhone.Build.0 = Release|Any CPU
		{773B406E-66BB-43A2-AF74-FF1F91A5737B}.Release|iPhoneSimulator.ActiveCfg = Release|Any CPU
		{773B406E-66BB-43A2-AF74-FF1F91A5737B}.Release|iPhoneSimulator.Build.0 = Release|Any CPU
		{773B406E-66BB-43A2-AF74-FF1F91A5737B}.Release|x64.ActiveCfg = Release|Any CPU
		{773B406E-66BB-43A2-AF74-FF1F91A5737B}.Release|x64.Build.0 = Release|Any CPU
		{773B406E-66BB-43A2-AF74-FF1F91A5737B}.Release|x86.ActiveCfg = Release|Any CPU
		{773B406E-66BB-43A2-AF74-FF1F91A5737B}.Release|x86.Build.0 = Release|Any CPU
		{0392901B-E2F9-4CB5-BEA4-C22E0952C455}.Ad-Hoc|Any CPU.ActiveCfg = Debug|iPhoneSimulator
		{0392901B-E2F9-4CB5-BEA4-C22E0952C455}.Ad-Hoc|Any CPU.Build.0 = Debug|iPhoneSimulator
		{0392901B-E2F9-4CB5-BEA4-C22E0952C455}.Ad-Hoc|ARM.ActiveCfg = Debug|iPhoneSimulator
		{0392901B-E2F9-4CB5-BEA4-C22E0952C455}.Ad-Hoc|ARM.Build.0 = Debug|iPhoneSimulator
		{0392901B-E2F9-4CB5-BEA4-C22E0952C455}.Ad-Hoc|ARM64.ActiveCfg = Debug|iPhoneSimulator
		{0392901B-E2F9-4CB5-BEA4-C22E0952C455}.Ad-Hoc|ARM64.Build.0 = Debug|iPhoneSimulator
		{0392901B-E2F9-4CB5-BEA4-C22E0952C455}.Ad-Hoc|iPhone.ActiveCfg = Debug|iPhoneSimulator
		{0392901B-E2F9-4CB5-BEA4-C22E0952C455}.Ad-Hoc|iPhone.Build.0 = Debug|iPhoneSimulator
		{0392901B-E2F9-4CB5-BEA4-C22E0952C455}.Ad-Hoc|iPhoneSimulator.ActiveCfg = Debug|iPhoneSimulator
		{0392901B-E2F9-4CB5-BEA4-C22E0952C455}.Ad-Hoc|iPhoneSimulator.Build.0 = Debug|iPhoneSimulator
		{0392901B-E2F9-4CB5-BEA4-C22E0952C455}.Ad-Hoc|x64.ActiveCfg = Debug|iPhoneSimulator
		{0392901B-E2F9-4CB5-BEA4-C22E0952C455}.Ad-Hoc|x64.Build.0 = Debug|iPhoneSimulator
		{0392901B-E2F9-4CB5-BEA4-C22E0952C455}.Ad-Hoc|x86.ActiveCfg = Debug|iPhoneSimulator
		{0392901B-E2F9-4CB5-BEA4-C22E0952C455}.Ad-Hoc|x86.Build.0 = Debug|iPhoneSimulator
		{0392901B-E2F9-4CB5-BEA4-C22E0952C455}.AppStore|Any CPU.ActiveCfg = Debug|iPhoneSimulator
		{0392901B-E2F9-4CB5-BEA4-C22E0952C455}.AppStore|Any CPU.Build.0 = Debug|iPhoneSimulator
		{0392901B-E2F9-4CB5-BEA4-C22E0952C455}.AppStore|ARM.ActiveCfg = Debug|iPhoneSimulator
		{0392901B-E2F9-4CB5-BEA4-C22E0952C455}.AppStore|ARM.Build.0 = Debug|iPhoneSimulator
		{0392901B-E2F9-4CB5-BEA4-C22E0952C455}.AppStore|ARM64.ActiveCfg = Debug|iPhoneSimulator
		{0392901B-E2F9-4CB5-BEA4-C22E0952C455}.AppStore|ARM64.Build.0 = Debug|iPhoneSimulator
		{0392901B-E2F9-4CB5-BEA4-C22E0952C455}.AppStore|iPhone.ActiveCfg = Debug|iPhoneSimulator
		{0392901B-E2F9-4CB5-BEA4-C22E0952C455}.AppStore|iPhone.Build.0 = Debug|iPhoneSimulator
		{0392901B-E2F9-4CB5-BEA4-C22E0952C455}.AppStore|iPhoneSimulator.ActiveCfg = Debug|iPhoneSimulator
		{0392901B-E2F9-4CB5-BEA4-C22E0952C455}.AppStore|iPhoneSimulator.Build.0 = Debug|iPhoneSimulator
		{0392901B-E2F9-4CB5-BEA4-C22E0952C455}.AppStore|x64.ActiveCfg = Debug|iPhoneSimulator
		{0392901B-E2F9-4CB5-BEA4-C22E0952C455}.AppStore|x64.Build.0 = Debug|iPhoneSimulator
		{0392901B-E2F9-4CB5-BEA4-C22E0952C455}.AppStore|x86.ActiveCfg = Debug|iPhoneSimulator
		{0392901B-E2F9-4CB5-BEA4-C22E0952C455}.AppStore|x86.Build.0 = Debug|iPhoneSimulator
		{0392901B-E2F9-4CB5-BEA4-C22E0952C455}.Debug|Any CPU.ActiveCfg = Debug|iPhoneSimulator
		{0392901B-E2F9-4CB5-BEA4-C22E0952C455}.Debug|ARM.ActiveCfg = Debug|iPhoneSimulator
		{0392901B-E2F9-4CB5-BEA4-C22E0952C455}.Debug|ARM64.ActiveCfg = Debug|iPhoneSimulator
		{0392901B-E2F9-4CB5-BEA4-C22E0952C455}.Debug|iPhone.ActiveCfg = Debug|iPhoneSimulator
		{0392901B-E2F9-4CB5-BEA4-C22E0952C455}.Debug|iPhoneSimulator.ActiveCfg = Debug|iPhoneSimulator
		{0392901B-E2F9-4CB5-BEA4-C22E0952C455}.Debug|iPhoneSimulator.Build.0 = Debug|iPhoneSimulator
		{0392901B-E2F9-4CB5-BEA4-C22E0952C455}.Debug|x64.ActiveCfg = Debug|iPhoneSimulator
		{0392901B-E2F9-4CB5-BEA4-C22E0952C455}.Debug|x86.ActiveCfg = Debug|iPhoneSimulator
		{0392901B-E2F9-4CB5-BEA4-C22E0952C455}.Release|Any CPU.ActiveCfg = Release|iPhoneSimulator
		{0392901B-E2F9-4CB5-BEA4-C22E0952C455}.Release|ARM.ActiveCfg = Release|iPhoneSimulator
		{0392901B-E2F9-4CB5-BEA4-C22E0952C455}.Release|ARM64.ActiveCfg = Release|iPhoneSimulator
		{0392901B-E2F9-4CB5-BEA4-C22E0952C455}.Release|iPhone.ActiveCfg = Release|iPhoneSimulator
		{0392901B-E2F9-4CB5-BEA4-C22E0952C455}.Release|iPhoneSimulator.ActiveCfg = Release|iPhoneSimulator
		{0392901B-E2F9-4CB5-BEA4-C22E0952C455}.Release|iPhoneSimulator.Build.0 = Release|iPhoneSimulator
		{0392901B-E2F9-4CB5-BEA4-C22E0952C455}.Release|x64.ActiveCfg = Release|iPhoneSimulator
		{0392901B-E2F9-4CB5-BEA4-C22E0952C455}.Release|x86.ActiveCfg = Release|iPhoneSimulator
		{F1422F3D-C69E-45EF-BBE8-C0C412E2C9CA}.Ad-Hoc|Any CPU.ActiveCfg = Debug|Any CPU
		{F1422F3D-C69E-45EF-BBE8-C0C412E2C9CA}.Ad-Hoc|Any CPU.Build.0 = Debug|Any CPU
		{F1422F3D-C69E-45EF-BBE8-C0C412E2C9CA}.Ad-Hoc|ARM.ActiveCfg = Debug|Any CPU
		{F1422F3D-C69E-45EF-BBE8-C0C412E2C9CA}.Ad-Hoc|ARM.Build.0 = Debug|Any CPU
		{F1422F3D-C69E-45EF-BBE8-C0C412E2C9CA}.Ad-Hoc|ARM64.ActiveCfg = Debug|Any CPU
		{F1422F3D-C69E-45EF-BBE8-C0C412E2C9CA}.Ad-Hoc|ARM64.Build.0 = Debug|Any CPU
		{F1422F3D-C69E-45EF-BBE8-C0C412E2C9CA}.Ad-Hoc|iPhone.ActiveCfg = Debug|Any CPU
		{F1422F3D-C69E-45EF-BBE8-C0C412E2C9CA}.Ad-Hoc|iPhone.Build.0 = Debug|Any CPU
		{F1422F3D-C69E-45EF-BBE8-C0C412E2C9CA}.Ad-Hoc|iPhoneSimulator.ActiveCfg = Debug|Any CPU
		{F1422F3D-C69E-45EF-BBE8-C0C412E2C9CA}.Ad-Hoc|iPhoneSimulator.Build.0 = Debug|Any CPU
		{F1422F3D-C69E-45EF-BBE8-C0C412E2C9CA}.Ad-Hoc|x64.ActiveCfg = Debug|Any CPU
		{F1422F3D-C69E-45EF-BBE8-C0C412E2C9CA}.Ad-Hoc|x64.Build.0 = Debug|Any CPU
		{F1422F3D-C69E-45EF-BBE8-C0C412E2C9CA}.Ad-Hoc|x86.ActiveCfg = Debug|Any CPU
		{F1422F3D-C69E-45EF-BBE8-C0C412E2C9CA}.Ad-Hoc|x86.Build.0 = Debug|Any CPU
		{F1422F3D-C69E-45EF-BBE8-C0C412E2C9CA}.AppStore|Any CPU.ActiveCfg = Debug|Any CPU
		{F1422F3D-C69E-45EF-BBE8-C0C412E2C9CA}.AppStore|Any CPU.Build.0 = Debug|Any CPU
		{F1422F3D-C69E-45EF-BBE8-C0C412E2C9CA}.AppStore|ARM.ActiveCfg = Debug|Any CPU
		{F1422F3D-C69E-45EF-BBE8-C0C412E2C9CA}.AppStore|ARM.Build.0 = Debug|Any CPU
		{F1422F3D-C69E-45EF-BBE8-C0C412E2C9CA}.AppStore|ARM64.ActiveCfg = Debug|Any CPU
		{F1422F3D-C69E-45EF-BBE8-C0C412E2C9CA}.AppStore|ARM64.Build.0 = Debug|Any CPU
		{F1422F3D-C69E-45EF-BBE8-C0C412E2C9CA}.AppStore|iPhone.ActiveCfg = Debug|Any CPU
		{F1422F3D-C69E-45EF-BBE8-C0C412E2C9CA}.AppStore|iPhone.Build.0 = Debug|Any CPU
		{F1422F3D-C69E-45EF-BBE8-C0C412E2C9CA}.AppStore|iPhoneSimulator.ActiveCfg = Debug|Any CPU
		{F1422F3D-C69E-45EF-BBE8-C0C412E2C9CA}.AppStore|iPhoneSimulator.Build.0 = Debug|Any CPU
		{F1422F3D-C69E-45EF-BBE8-C0C412E2C9CA}.AppStore|x64.ActiveCfg = Debug|Any CPU
		{F1422F3D-C69E-45EF-BBE8-C0C412E2C9CA}.AppStore|x64.Build.0 = Debug|Any CPU
		{F1422F3D-C69E-45EF-BBE8-C0C412E2C9CA}.AppStore|x86.ActiveCfg = Debug|Any CPU
		{F1422F3D-C69E-45EF-BBE8-C0C412E2C9CA}.AppStore|x86.Build.0 = Debug|Any CPU
		{F1422F3D-C69E-45EF-BBE8-C0C412E2C9CA}.Debug|Any CPU.ActiveCfg = Debug|Any CPU
		{F1422F3D-C69E-45EF-BBE8-C0C412E2C9CA}.Debug|Any CPU.Build.0 = Debug|Any CPU
		{F1422F3D-C69E-45EF-BBE8-C0C412E2C9CA}.Debug|ARM.ActiveCfg = Debug|Any CPU
		{F1422F3D-C69E-45EF-BBE8-C0C412E2C9CA}.Debug|ARM.Build.0 = Debug|Any CPU
		{F1422F3D-C69E-45EF-BBE8-C0C412E2C9CA}.Debug|ARM64.ActiveCfg = Debug|Any CPU
		{F1422F3D-C69E-45EF-BBE8-C0C412E2C9CA}.Debug|ARM64.Build.0 = Debug|Any CPU
		{F1422F3D-C69E-45EF-BBE8-C0C412E2C9CA}.Debug|iPhone.ActiveCfg = Debug|Any CPU
		{F1422F3D-C69E-45EF-BBE8-C0C412E2C9CA}.Debug|iPhone.Build.0 = Debug|Any CPU
		{F1422F3D-C69E-45EF-BBE8-C0C412E2C9CA}.Debug|iPhoneSimulator.ActiveCfg = Debug|Any CPU
		{F1422F3D-C69E-45EF-BBE8-C0C412E2C9CA}.Debug|iPhoneSimulator.Build.0 = Debug|Any CPU
		{F1422F3D-C69E-45EF-BBE8-C0C412E2C9CA}.Debug|x64.ActiveCfg = Debug|Any CPU
		{F1422F3D-C69E-45EF-BBE8-C0C412E2C9CA}.Debug|x64.Build.0 = Debug|Any CPU
		{F1422F3D-C69E-45EF-BBE8-C0C412E2C9CA}.Debug|x86.ActiveCfg = Debug|Any CPU
		{F1422F3D-C69E-45EF-BBE8-C0C412E2C9CA}.Release|Any CPU.ActiveCfg = Release|Any CPU
		{F1422F3D-C69E-45EF-BBE8-C0C412E2C9CA}.Release|Any CPU.Build.0 = Release|Any CPU
		{F1422F3D-C69E-45EF-BBE8-C0C412E2C9CA}.Release|ARM.ActiveCfg = Release|Any CPU
		{F1422F3D-C69E-45EF-BBE8-C0C412E2C9CA}.Release|ARM.Build.0 = Release|Any CPU
		{F1422F3D-C69E-45EF-BBE8-C0C412E2C9CA}.Release|ARM64.ActiveCfg = Release|Any CPU
		{F1422F3D-C69E-45EF-BBE8-C0C412E2C9CA}.Release|ARM64.Build.0 = Release|Any CPU
		{F1422F3D-C69E-45EF-BBE8-C0C412E2C9CA}.Release|iPhone.ActiveCfg = Release|Any CPU
		{F1422F3D-C69E-45EF-BBE8-C0C412E2C9CA}.Release|iPhone.Build.0 = Release|Any CPU
		{F1422F3D-C69E-45EF-BBE8-C0C412E2C9CA}.Release|iPhoneSimulator.ActiveCfg = Release|Any CPU
		{F1422F3D-C69E-45EF-BBE8-C0C412E2C9CA}.Release|iPhoneSimulator.Build.0 = Release|Any CPU
		{F1422F3D-C69E-45EF-BBE8-C0C412E2C9CA}.Release|x64.ActiveCfg = Release|Any CPU
		{F1422F3D-C69E-45EF-BBE8-C0C412E2C9CA}.Release|x64.Build.0 = Release|Any CPU
		{F1422F3D-C69E-45EF-BBE8-C0C412E2C9CA}.Release|x86.ActiveCfg = Release|Any CPU
		{F1422F3D-C69E-45EF-BBE8-C0C412E2C9CA}.Release|x86.Build.0 = Release|Any CPU
		{69794EC4-278F-48A7-A2D0-CB251BA614C4}.Ad-Hoc|Any CPU.ActiveCfg = Debug|Any CPU
		{69794EC4-278F-48A7-A2D0-CB251BA614C4}.Ad-Hoc|Any CPU.Build.0 = Debug|Any CPU
		{69794EC4-278F-48A7-A2D0-CB251BA614C4}.Ad-Hoc|ARM.ActiveCfg = Debug|Any CPU
		{69794EC4-278F-48A7-A2D0-CB251BA614C4}.Ad-Hoc|ARM.Build.0 = Debug|Any CPU
		{69794EC4-278F-48A7-A2D0-CB251BA614C4}.Ad-Hoc|ARM64.ActiveCfg = Debug|Any CPU
		{69794EC4-278F-48A7-A2D0-CB251BA614C4}.Ad-Hoc|ARM64.Build.0 = Debug|Any CPU
		{69794EC4-278F-48A7-A2D0-CB251BA614C4}.Ad-Hoc|iPhone.ActiveCfg = Debug|Any CPU
		{69794EC4-278F-48A7-A2D0-CB251BA614C4}.Ad-Hoc|iPhone.Build.0 = Debug|Any CPU
		{69794EC4-278F-48A7-A2D0-CB251BA614C4}.Ad-Hoc|iPhoneSimulator.ActiveCfg = Debug|Any CPU
		{69794EC4-278F-48A7-A2D0-CB251BA614C4}.Ad-Hoc|iPhoneSimulator.Build.0 = Debug|Any CPU
		{69794EC4-278F-48A7-A2D0-CB251BA614C4}.Ad-Hoc|x64.ActiveCfg = Debug|Any CPU
		{69794EC4-278F-48A7-A2D0-CB251BA614C4}.Ad-Hoc|x64.Build.0 = Debug|Any CPU
		{69794EC4-278F-48A7-A2D0-CB251BA614C4}.Ad-Hoc|x86.ActiveCfg = Debug|Any CPU
		{69794EC4-278F-48A7-A2D0-CB251BA614C4}.Ad-Hoc|x86.Build.0 = Debug|Any CPU
		{69794EC4-278F-48A7-A2D0-CB251BA614C4}.AppStore|Any CPU.ActiveCfg = Debug|Any CPU
		{69794EC4-278F-48A7-A2D0-CB251BA614C4}.AppStore|Any CPU.Build.0 = Debug|Any CPU
		{69794EC4-278F-48A7-A2D0-CB251BA614C4}.AppStore|ARM.ActiveCfg = Debug|Any CPU
		{69794EC4-278F-48A7-A2D0-CB251BA614C4}.AppStore|ARM.Build.0 = Debug|Any CPU
		{69794EC4-278F-48A7-A2D0-CB251BA614C4}.AppStore|ARM64.ActiveCfg = Debug|Any CPU
		{69794EC4-278F-48A7-A2D0-CB251BA614C4}.AppStore|ARM64.Build.0 = Debug|Any CPU
		{69794EC4-278F-48A7-A2D0-CB251BA614C4}.AppStore|iPhone.ActiveCfg = Debug|Any CPU
		{69794EC4-278F-48A7-A2D0-CB251BA614C4}.AppStore|iPhone.Build.0 = Debug|Any CPU
		{69794EC4-278F-48A7-A2D0-CB251BA614C4}.AppStore|iPhoneSimulator.ActiveCfg = Debug|Any CPU
		{69794EC4-278F-48A7-A2D0-CB251BA614C4}.AppStore|iPhoneSimulator.Build.0 = Debug|Any CPU
		{69794EC4-278F-48A7-A2D0-CB251BA614C4}.AppStore|x64.ActiveCfg = Debug|Any CPU
		{69794EC4-278F-48A7-A2D0-CB251BA614C4}.AppStore|x64.Build.0 = Debug|Any CPU
		{69794EC4-278F-48A7-A2D0-CB251BA614C4}.AppStore|x86.ActiveCfg = Debug|Any CPU
		{69794EC4-278F-48A7-A2D0-CB251BA614C4}.AppStore|x86.Build.0 = Debug|Any CPU
		{69794EC4-278F-48A7-A2D0-CB251BA614C4}.Debug|Any CPU.ActiveCfg = Debug|Any CPU
		{69794EC4-278F-48A7-A2D0-CB251BA614C4}.Debug|Any CPU.Build.0 = Debug|Any CPU
		{69794EC4-278F-48A7-A2D0-CB251BA614C4}.Debug|ARM.ActiveCfg = Debug|Any CPU
		{69794EC4-278F-48A7-A2D0-CB251BA614C4}.Debug|ARM.Build.0 = Debug|Any CPU
		{69794EC4-278F-48A7-A2D0-CB251BA614C4}.Debug|ARM64.ActiveCfg = Debug|Any CPU
		{69794EC4-278F-48A7-A2D0-CB251BA614C4}.Debug|ARM64.Build.0 = Debug|Any CPU
		{69794EC4-278F-48A7-A2D0-CB251BA614C4}.Debug|iPhone.ActiveCfg = Debug|Any CPU
		{69794EC4-278F-48A7-A2D0-CB251BA614C4}.Debug|iPhone.Build.0 = Debug|Any CPU
		{69794EC4-278F-48A7-A2D0-CB251BA614C4}.Debug|iPhoneSimulator.ActiveCfg = Debug|Any CPU
		{69794EC4-278F-48A7-A2D0-CB251BA614C4}.Debug|iPhoneSimulator.Build.0 = Debug|Any CPU
		{69794EC4-278F-48A7-A2D0-CB251BA614C4}.Debug|x64.ActiveCfg = Debug|Any CPU
		{69794EC4-278F-48A7-A2D0-CB251BA614C4}.Debug|x64.Build.0 = Debug|Any CPU
		{69794EC4-278F-48A7-A2D0-CB251BA614C4}.Debug|x86.ActiveCfg = Debug|Any CPU
		{69794EC4-278F-48A7-A2D0-CB251BA614C4}.Release|Any CPU.ActiveCfg = Release|Any CPU
		{69794EC4-278F-48A7-A2D0-CB251BA614C4}.Release|Any CPU.Build.0 = Release|Any CPU
		{69794EC4-278F-48A7-A2D0-CB251BA614C4}.Release|ARM.ActiveCfg = Release|Any CPU
		{69794EC4-278F-48A7-A2D0-CB251BA614C4}.Release|ARM.Build.0 = Release|Any CPU
		{69794EC4-278F-48A7-A2D0-CB251BA614C4}.Release|ARM64.ActiveCfg = Release|Any CPU
		{69794EC4-278F-48A7-A2D0-CB251BA614C4}.Release|ARM64.Build.0 = Release|Any CPU
		{69794EC4-278F-48A7-A2D0-CB251BA614C4}.Release|iPhone.ActiveCfg = Release|Any CPU
		{69794EC4-278F-48A7-A2D0-CB251BA614C4}.Release|iPhone.Build.0 = Release|Any CPU
		{69794EC4-278F-48A7-A2D0-CB251BA614C4}.Release|iPhoneSimulator.ActiveCfg = Release|Any CPU
		{69794EC4-278F-48A7-A2D0-CB251BA614C4}.Release|iPhoneSimulator.Build.0 = Release|Any CPU
		{69794EC4-278F-48A7-A2D0-CB251BA614C4}.Release|x64.ActiveCfg = Release|Any CPU
		{69794EC4-278F-48A7-A2D0-CB251BA614C4}.Release|x64.Build.0 = Release|Any CPU
		{69794EC4-278F-48A7-A2D0-CB251BA614C4}.Release|x86.ActiveCfg = Release|Any CPU
		{69794EC4-278F-48A7-A2D0-CB251BA614C4}.Release|x86.Build.0 = Release|Any CPU
		{234FBA54-B530-4D82-812E-F6792B086155}.Ad-Hoc|Any CPU.ActiveCfg = Debug|Any CPU
		{234FBA54-B530-4D82-812E-F6792B086155}.Ad-Hoc|Any CPU.Build.0 = Debug|Any CPU
		{234FBA54-B530-4D82-812E-F6792B086155}.Ad-Hoc|ARM.ActiveCfg = Debug|Any CPU
		{234FBA54-B530-4D82-812E-F6792B086155}.Ad-Hoc|ARM.Build.0 = Debug|Any CPU
		{234FBA54-B530-4D82-812E-F6792B086155}.Ad-Hoc|ARM64.ActiveCfg = Debug|Any CPU
		{234FBA54-B530-4D82-812E-F6792B086155}.Ad-Hoc|ARM64.Build.0 = Debug|Any CPU
		{234FBA54-B530-4D82-812E-F6792B086155}.Ad-Hoc|iPhone.ActiveCfg = Debug|Any CPU
		{234FBA54-B530-4D82-812E-F6792B086155}.Ad-Hoc|iPhone.Build.0 = Debug|Any CPU
		{234FBA54-B530-4D82-812E-F6792B086155}.Ad-Hoc|iPhoneSimulator.ActiveCfg = Debug|Any CPU
		{234FBA54-B530-4D82-812E-F6792B086155}.Ad-Hoc|iPhoneSimulator.Build.0 = Debug|Any CPU
		{234FBA54-B530-4D82-812E-F6792B086155}.Ad-Hoc|x64.ActiveCfg = Debug|Any CPU
		{234FBA54-B530-4D82-812E-F6792B086155}.Ad-Hoc|x64.Build.0 = Debug|Any CPU
		{234FBA54-B530-4D82-812E-F6792B086155}.Ad-Hoc|x86.ActiveCfg = Debug|Any CPU
		{234FBA54-B530-4D82-812E-F6792B086155}.Ad-Hoc|x86.Build.0 = Debug|Any CPU
		{234FBA54-B530-4D82-812E-F6792B086155}.AppStore|Any CPU.ActiveCfg = Debug|Any CPU
		{234FBA54-B530-4D82-812E-F6792B086155}.AppStore|Any CPU.Build.0 = Debug|Any CPU
		{234FBA54-B530-4D82-812E-F6792B086155}.AppStore|ARM.ActiveCfg = Debug|Any CPU
		{234FBA54-B530-4D82-812E-F6792B086155}.AppStore|ARM.Build.0 = Debug|Any CPU
		{234FBA54-B530-4D82-812E-F6792B086155}.AppStore|ARM64.ActiveCfg = Debug|Any CPU
		{234FBA54-B530-4D82-812E-F6792B086155}.AppStore|ARM64.Build.0 = Debug|Any CPU
		{234FBA54-B530-4D82-812E-F6792B086155}.AppStore|iPhone.ActiveCfg = Debug|Any CPU
		{234FBA54-B530-4D82-812E-F6792B086155}.AppStore|iPhone.Build.0 = Debug|Any CPU
		{234FBA54-B530-4D82-812E-F6792B086155}.AppStore|iPhoneSimulator.ActiveCfg = Debug|Any CPU
		{234FBA54-B530-4D82-812E-F6792B086155}.AppStore|iPhoneSimulator.Build.0 = Debug|Any CPU
		{234FBA54-B530-4D82-812E-F6792B086155}.AppStore|x64.ActiveCfg = Debug|Any CPU
		{234FBA54-B530-4D82-812E-F6792B086155}.AppStore|x64.Build.0 = Debug|Any CPU
		{234FBA54-B530-4D82-812E-F6792B086155}.AppStore|x86.ActiveCfg = Debug|Any CPU
		{234FBA54-B530-4D82-812E-F6792B086155}.AppStore|x86.Build.0 = Debug|Any CPU
		{234FBA54-B530-4D82-812E-F6792B086155}.Debug|Any CPU.ActiveCfg = Debug|Any CPU
		{234FBA54-B530-4D82-812E-F6792B086155}.Debug|Any CPU.Build.0 = Debug|Any CPU
		{234FBA54-B530-4D82-812E-F6792B086155}.Debug|ARM.ActiveCfg = Debug|Any CPU
		{234FBA54-B530-4D82-812E-F6792B086155}.Debug|ARM.Build.0 = Debug|Any CPU
		{234FBA54-B530-4D82-812E-F6792B086155}.Debug|ARM64.ActiveCfg = Debug|Any CPU
		{234FBA54-B530-4D82-812E-F6792B086155}.Debug|ARM64.Build.0 = Debug|Any CPU
		{234FBA54-B530-4D82-812E-F6792B086155}.Debug|iPhone.ActiveCfg = Debug|Any CPU
		{234FBA54-B530-4D82-812E-F6792B086155}.Debug|iPhone.Build.0 = Debug|Any CPU
		{234FBA54-B530-4D82-812E-F6792B086155}.Debug|iPhoneSimulator.ActiveCfg = Debug|Any CPU
		{234FBA54-B530-4D82-812E-F6792B086155}.Debug|iPhoneSimulator.Build.0 = Debug|Any CPU
		{234FBA54-B530-4D82-812E-F6792B086155}.Debug|x64.ActiveCfg = Debug|Any CPU
		{234FBA54-B530-4D82-812E-F6792B086155}.Debug|x64.Build.0 = Debug|Any CPU
		{234FBA54-B530-4D82-812E-F6792B086155}.Debug|x86.ActiveCfg = Debug|Any CPU
		{234FBA54-B530-4D82-812E-F6792B086155}.Release|Any CPU.ActiveCfg = Release|Any CPU
		{234FBA54-B530-4D82-812E-F6792B086155}.Release|Any CPU.Build.0 = Release|Any CPU
		{234FBA54-B530-4D82-812E-F6792B086155}.Release|ARM.ActiveCfg = Release|Any CPU
		{234FBA54-B530-4D82-812E-F6792B086155}.Release|ARM.Build.0 = Release|Any CPU
		{234FBA54-B530-4D82-812E-F6792B086155}.Release|ARM64.ActiveCfg = Release|Any CPU
		{234FBA54-B530-4D82-812E-F6792B086155}.Release|ARM64.Build.0 = Release|Any CPU
		{234FBA54-B530-4D82-812E-F6792B086155}.Release|iPhone.ActiveCfg = Release|Any CPU
		{234FBA54-B530-4D82-812E-F6792B086155}.Release|iPhone.Build.0 = Release|Any CPU
		{234FBA54-B530-4D82-812E-F6792B086155}.Release|iPhoneSimulator.ActiveCfg = Release|Any CPU
		{234FBA54-B530-4D82-812E-F6792B086155}.Release|iPhoneSimulator.Build.0 = Release|Any CPU
		{234FBA54-B530-4D82-812E-F6792B086155}.Release|x64.ActiveCfg = Release|Any CPU
		{234FBA54-B530-4D82-812E-F6792B086155}.Release|x64.Build.0 = Release|Any CPU
		{234FBA54-B530-4D82-812E-F6792B086155}.Release|x86.ActiveCfg = Release|Any CPU
		{234FBA54-B530-4D82-812E-F6792B086155}.Release|x86.Build.0 = Release|Any CPU
		{6FA16296-F645-4AA1-8BF1-C56B44B74CAF}.Ad-Hoc|Any CPU.ActiveCfg = Debug|Any CPU
		{6FA16296-F645-4AA1-8BF1-C56B44B74CAF}.Ad-Hoc|Any CPU.Build.0 = Debug|Any CPU
		{6FA16296-F645-4AA1-8BF1-C56B44B74CAF}.Ad-Hoc|ARM.ActiveCfg = Debug|Any CPU
		{6FA16296-F645-4AA1-8BF1-C56B44B74CAF}.Ad-Hoc|ARM.Build.0 = Debug|Any CPU
		{6FA16296-F645-4AA1-8BF1-C56B44B74CAF}.Ad-Hoc|ARM64.ActiveCfg = Debug|Any CPU
		{6FA16296-F645-4AA1-8BF1-C56B44B74CAF}.Ad-Hoc|ARM64.Build.0 = Debug|Any CPU
		{6FA16296-F645-4AA1-8BF1-C56B44B74CAF}.Ad-Hoc|iPhone.ActiveCfg = Debug|Any CPU
		{6FA16296-F645-4AA1-8BF1-C56B44B74CAF}.Ad-Hoc|iPhone.Build.0 = Debug|Any CPU
		{6FA16296-F645-4AA1-8BF1-C56B44B74CAF}.Ad-Hoc|iPhoneSimulator.ActiveCfg = Debug|Any CPU
		{6FA16296-F645-4AA1-8BF1-C56B44B74CAF}.Ad-Hoc|iPhoneSimulator.Build.0 = Debug|Any CPU
		{6FA16296-F645-4AA1-8BF1-C56B44B74CAF}.Ad-Hoc|x64.ActiveCfg = Debug|Any CPU
		{6FA16296-F645-4AA1-8BF1-C56B44B74CAF}.Ad-Hoc|x64.Build.0 = Debug|Any CPU
		{6FA16296-F645-4AA1-8BF1-C56B44B74CAF}.Ad-Hoc|x86.ActiveCfg = Debug|Any CPU
		{6FA16296-F645-4AA1-8BF1-C56B44B74CAF}.Ad-Hoc|x86.Build.0 = Debug|Any CPU
		{6FA16296-F645-4AA1-8BF1-C56B44B74CAF}.AppStore|Any CPU.ActiveCfg = Debug|Any CPU
		{6FA16296-F645-4AA1-8BF1-C56B44B74CAF}.AppStore|Any CPU.Build.0 = Debug|Any CPU
		{6FA16296-F645-4AA1-8BF1-C56B44B74CAF}.AppStore|ARM.ActiveCfg = Debug|Any CPU
		{6FA16296-F645-4AA1-8BF1-C56B44B74CAF}.AppStore|ARM.Build.0 = Debug|Any CPU
		{6FA16296-F645-4AA1-8BF1-C56B44B74CAF}.AppStore|ARM64.ActiveCfg = Debug|Any CPU
		{6FA16296-F645-4AA1-8BF1-C56B44B74CAF}.AppStore|ARM64.Build.0 = Debug|Any CPU
		{6FA16296-F645-4AA1-8BF1-C56B44B74CAF}.AppStore|iPhone.ActiveCfg = Debug|Any CPU
		{6FA16296-F645-4AA1-8BF1-C56B44B74CAF}.AppStore|iPhone.Build.0 = Debug|Any CPU
		{6FA16296-F645-4AA1-8BF1-C56B44B74CAF}.AppStore|iPhoneSimulator.ActiveCfg = Debug|Any CPU
		{6FA16296-F645-4AA1-8BF1-C56B44B74CAF}.AppStore|iPhoneSimulator.Build.0 = Debug|Any CPU
		{6FA16296-F645-4AA1-8BF1-C56B44B74CAF}.AppStore|x64.ActiveCfg = Debug|Any CPU
		{6FA16296-F645-4AA1-8BF1-C56B44B74CAF}.AppStore|x64.Build.0 = Debug|Any CPU
		{6FA16296-F645-4AA1-8BF1-C56B44B74CAF}.AppStore|x86.ActiveCfg = Debug|Any CPU
		{6FA16296-F645-4AA1-8BF1-C56B44B74CAF}.AppStore|x86.Build.0 = Debug|Any CPU
		{6FA16296-F645-4AA1-8BF1-C56B44B74CAF}.Debug|Any CPU.ActiveCfg = Debug|Any CPU
		{6FA16296-F645-4AA1-8BF1-C56B44B74CAF}.Debug|Any CPU.Build.0 = Debug|Any CPU
		{6FA16296-F645-4AA1-8BF1-C56B44B74CAF}.Debug|ARM.ActiveCfg = Debug|Any CPU
		{6FA16296-F645-4AA1-8BF1-C56B44B74CAF}.Debug|ARM.Build.0 = Debug|Any CPU
		{6FA16296-F645-4AA1-8BF1-C56B44B74CAF}.Debug|ARM64.ActiveCfg = Debug|Any CPU
		{6FA16296-F645-4AA1-8BF1-C56B44B74CAF}.Debug|ARM64.Build.0 = Debug|Any CPU
		{6FA16296-F645-4AA1-8BF1-C56B44B74CAF}.Debug|iPhone.ActiveCfg = Debug|Any CPU
		{6FA16296-F645-4AA1-8BF1-C56B44B74CAF}.Debug|iPhone.Build.0 = Debug|Any CPU
		{6FA16296-F645-4AA1-8BF1-C56B44B74CAF}.Debug|iPhoneSimulator.ActiveCfg = Debug|Any CPU
		{6FA16296-F645-4AA1-8BF1-C56B44B74CAF}.Debug|iPhoneSimulator.Build.0 = Debug|Any CPU
		{6FA16296-F645-4AA1-8BF1-C56B44B74CAF}.Debug|x64.ActiveCfg = Debug|Any CPU
		{6FA16296-F645-4AA1-8BF1-C56B44B74CAF}.Debug|x64.Build.0 = Debug|Any CPU
		{6FA16296-F645-4AA1-8BF1-C56B44B74CAF}.Debug|x86.ActiveCfg = Debug|Any CPU
		{6FA16296-F645-4AA1-8BF1-C56B44B74CAF}.Release|Any CPU.ActiveCfg = Release|Any CPU
		{6FA16296-F645-4AA1-8BF1-C56B44B74CAF}.Release|Any CPU.Build.0 = Release|Any CPU
		{6FA16296-F645-4AA1-8BF1-C56B44B74CAF}.Release|ARM.ActiveCfg = Release|Any CPU
		{6FA16296-F645-4AA1-8BF1-C56B44B74CAF}.Release|ARM.Build.0 = Release|Any CPU
		{6FA16296-F645-4AA1-8BF1-C56B44B74CAF}.Release|ARM64.ActiveCfg = Release|Any CPU
		{6FA16296-F645-4AA1-8BF1-C56B44B74CAF}.Release|ARM64.Build.0 = Release|Any CPU
		{6FA16296-F645-4AA1-8BF1-C56B44B74CAF}.Release|iPhone.ActiveCfg = Release|Any CPU
		{6FA16296-F645-4AA1-8BF1-C56B44B74CAF}.Release|iPhone.Build.0 = Release|Any CPU
		{6FA16296-F645-4AA1-8BF1-C56B44B74CAF}.Release|iPhoneSimulator.ActiveCfg = Release|Any CPU
		{6FA16296-F645-4AA1-8BF1-C56B44B74CAF}.Release|iPhoneSimulator.Build.0 = Release|Any CPU
		{6FA16296-F645-4AA1-8BF1-C56B44B74CAF}.Release|x64.ActiveCfg = Release|Any CPU
		{6FA16296-F645-4AA1-8BF1-C56B44B74CAF}.Release|x64.Build.0 = Release|Any CPU
		{6FA16296-F645-4AA1-8BF1-C56B44B74CAF}.Release|x86.ActiveCfg = Release|Any CPU
		{6FA16296-F645-4AA1-8BF1-C56B44B74CAF}.Release|x86.Build.0 = Release|Any CPU
		{E413B6CA-7055-493A-BE04-85229E27E093}.Ad-Hoc|Any CPU.ActiveCfg = Debug|Any CPU
		{E413B6CA-7055-493A-BE04-85229E27E093}.Ad-Hoc|Any CPU.Build.0 = Debug|Any CPU
		{E413B6CA-7055-493A-BE04-85229E27E093}.Ad-Hoc|ARM.ActiveCfg = Debug|Any CPU
		{E413B6CA-7055-493A-BE04-85229E27E093}.Ad-Hoc|ARM.Build.0 = Debug|Any CPU
		{E413B6CA-7055-493A-BE04-85229E27E093}.Ad-Hoc|ARM64.ActiveCfg = Debug|Any CPU
		{E413B6CA-7055-493A-BE04-85229E27E093}.Ad-Hoc|ARM64.Build.0 = Debug|Any CPU
		{E413B6CA-7055-493A-BE04-85229E27E093}.Ad-Hoc|iPhone.ActiveCfg = Debug|Any CPU
		{E413B6CA-7055-493A-BE04-85229E27E093}.Ad-Hoc|iPhone.Build.0 = Debug|Any CPU
		{E413B6CA-7055-493A-BE04-85229E27E093}.Ad-Hoc|iPhoneSimulator.ActiveCfg = Debug|Any CPU
		{E413B6CA-7055-493A-BE04-85229E27E093}.Ad-Hoc|iPhoneSimulator.Build.0 = Debug|Any CPU
		{E413B6CA-7055-493A-BE04-85229E27E093}.Ad-Hoc|x64.ActiveCfg = Debug|Any CPU
		{E413B6CA-7055-493A-BE04-85229E27E093}.Ad-Hoc|x64.Build.0 = Debug|Any CPU
		{E413B6CA-7055-493A-BE04-85229E27E093}.Ad-Hoc|x86.ActiveCfg = Debug|Any CPU
		{E413B6CA-7055-493A-BE04-85229E27E093}.Ad-Hoc|x86.Build.0 = Debug|Any CPU
		{E413B6CA-7055-493A-BE04-85229E27E093}.AppStore|Any CPU.ActiveCfg = Debug|Any CPU
		{E413B6CA-7055-493A-BE04-85229E27E093}.AppStore|Any CPU.Build.0 = Debug|Any CPU
		{E413B6CA-7055-493A-BE04-85229E27E093}.AppStore|ARM.ActiveCfg = Debug|Any CPU
		{E413B6CA-7055-493A-BE04-85229E27E093}.AppStore|ARM.Build.0 = Debug|Any CPU
		{E413B6CA-7055-493A-BE04-85229E27E093}.AppStore|ARM64.ActiveCfg = Debug|Any CPU
		{E413B6CA-7055-493A-BE04-85229E27E093}.AppStore|ARM64.Build.0 = Debug|Any CPU
		{E413B6CA-7055-493A-BE04-85229E27E093}.AppStore|iPhone.ActiveCfg = Debug|Any CPU
		{E413B6CA-7055-493A-BE04-85229E27E093}.AppStore|iPhone.Build.0 = Debug|Any CPU
		{E413B6CA-7055-493A-BE04-85229E27E093}.AppStore|iPhoneSimulator.ActiveCfg = Debug|Any CPU
		{E413B6CA-7055-493A-BE04-85229E27E093}.AppStore|iPhoneSimulator.Build.0 = Debug|Any CPU
		{E413B6CA-7055-493A-BE04-85229E27E093}.AppStore|x64.ActiveCfg = Debug|Any CPU
		{E413B6CA-7055-493A-BE04-85229E27E093}.AppStore|x64.Build.0 = Debug|Any CPU
		{E413B6CA-7055-493A-BE04-85229E27E093}.AppStore|x86.ActiveCfg = Debug|Any CPU
		{E413B6CA-7055-493A-BE04-85229E27E093}.AppStore|x86.Build.0 = Debug|Any CPU
		{E413B6CA-7055-493A-BE04-85229E27E093}.Debug|Any CPU.ActiveCfg = Debug|Any CPU
		{E413B6CA-7055-493A-BE04-85229E27E093}.Debug|Any CPU.Build.0 = Debug|Any CPU
		{E413B6CA-7055-493A-BE04-85229E27E093}.Debug|ARM.ActiveCfg = Debug|Any CPU
		{E413B6CA-7055-493A-BE04-85229E27E093}.Debug|ARM.Build.0 = Debug|Any CPU
		{E413B6CA-7055-493A-BE04-85229E27E093}.Debug|ARM64.ActiveCfg = Debug|Any CPU
		{E413B6CA-7055-493A-BE04-85229E27E093}.Debug|ARM64.Build.0 = Debug|Any CPU
		{E413B6CA-7055-493A-BE04-85229E27E093}.Debug|iPhone.ActiveCfg = Debug|Any CPU
		{E413B6CA-7055-493A-BE04-85229E27E093}.Debug|iPhone.Build.0 = Debug|Any CPU
		{E413B6CA-7055-493A-BE04-85229E27E093}.Debug|iPhoneSimulator.ActiveCfg = Debug|Any CPU
		{E413B6CA-7055-493A-BE04-85229E27E093}.Debug|iPhoneSimulator.Build.0 = Debug|Any CPU
		{E413B6CA-7055-493A-BE04-85229E27E093}.Debug|x64.ActiveCfg = Debug|Any CPU
		{E413B6CA-7055-493A-BE04-85229E27E093}.Debug|x64.Build.0 = Debug|Any CPU
		{E413B6CA-7055-493A-BE04-85229E27E093}.Debug|x86.ActiveCfg = Debug|Any CPU
		{E413B6CA-7055-493A-BE04-85229E27E093}.Debug|x86.Build.0 = Debug|Any CPU
		{E413B6CA-7055-493A-BE04-85229E27E093}.Release|Any CPU.ActiveCfg = Release|Any CPU
		{E413B6CA-7055-493A-BE04-85229E27E093}.Release|Any CPU.Build.0 = Release|Any CPU
		{E413B6CA-7055-493A-BE04-85229E27E093}.Release|ARM.ActiveCfg = Release|Any CPU
		{E413B6CA-7055-493A-BE04-85229E27E093}.Release|ARM.Build.0 = Release|Any CPU
		{E413B6CA-7055-493A-BE04-85229E27E093}.Release|ARM64.ActiveCfg = Release|Any CPU
		{E413B6CA-7055-493A-BE04-85229E27E093}.Release|ARM64.Build.0 = Release|Any CPU
		{E413B6CA-7055-493A-BE04-85229E27E093}.Release|iPhone.ActiveCfg = Release|Any CPU
		{E413B6CA-7055-493A-BE04-85229E27E093}.Release|iPhone.Build.0 = Release|Any CPU
		{E413B6CA-7055-493A-BE04-85229E27E093}.Release|iPhoneSimulator.ActiveCfg = Release|Any CPU
		{E413B6CA-7055-493A-BE04-85229E27E093}.Release|iPhoneSimulator.Build.0 = Release|Any CPU
		{E413B6CA-7055-493A-BE04-85229E27E093}.Release|x64.ActiveCfg = Release|Any CPU
		{E413B6CA-7055-493A-BE04-85229E27E093}.Release|x64.Build.0 = Release|Any CPU
		{E413B6CA-7055-493A-BE04-85229E27E093}.Release|x86.ActiveCfg = Release|Any CPU
		{E413B6CA-7055-493A-BE04-85229E27E093}.Release|x86.Build.0 = Release|Any CPU
	EndGlobalSection
	GlobalSection(SolutionProperties) = preSolution
		HideSolutionNode = FALSE
	EndGlobalSection
	GlobalSection(NestedProjects) = preSolution
		{68E5796C-C4BA-4DE5-B81D-6CCF9557C986} = {684116BE-4725-471E-9E23-82C76C29FFF8}
		{28078749-A494-4AA9-9A99-2FFF12385635} = {684116BE-4725-471E-9E23-82C76C29FFF8}
		{301A774C-2E5F-4289-A5B3-870B1ACA1D4B} = {684116BE-4725-471E-9E23-82C76C29FFF8}
		{773B406E-66BB-43A2-AF74-FF1F91A5737B} = {684116BE-4725-471E-9E23-82C76C29FFF8}
		{0392901B-E2F9-4CB5-BEA4-C22E0952C455} = {684116BE-4725-471E-9E23-82C76C29FFF8}
		{F1422F3D-C69E-45EF-BBE8-C0C412E2C9CA} = {684116BE-4725-471E-9E23-82C76C29FFF8}
		{69794EC4-278F-48A7-A2D0-CB251BA614C4} = {684116BE-4725-471E-9E23-82C76C29FFF8}
		{234FBA54-B530-4D82-812E-F6792B086155} = {684116BE-4725-471E-9E23-82C76C29FFF8}
		{6FA16296-F645-4AA1-8BF1-C56B44B74CAF} = {684116BE-4725-471E-9E23-82C76C29FFF8}
	EndGlobalSection
	GlobalSection(ExtensibilityGlobals) = postSolution
		SolutionGuid = {A5B1DEF6-EF06-426F-8DA0-27AD47B1BB03}
	EndGlobalSection
EndGlobal
